<?xml version="1.0" encoding="UTF-8" standalone="yes" ?>
<CodeBlocks_project_file>
   <FileVersion major="1" minor="6" />
   <Project>
      <Option title="Project" />
      <Option makefile_is_custom="1" />
      <Option compiler="gcc" />
      <Build>
      <Target title="all">
         <Option working_dir="/home/booble/pann" />
         <Option type="4" />
         <MakeCommands>
            <Build command="/usr/bin/make -f &quot;/home/booble/pann/Makefile&quot; all" />
            <CompileFile command="/usr/bin/make -f &quot;/home/booble/pann/Makefile&quot; &quot;$file&quot;" />
            <Clean command="/usr/bin/make -f &quot;/home/booble/pann/Makefile&quot; clean" />
            <DistClean command="/usr/bin/make -f &quot;/home/booble/pann/Makefile&quot; clean" />
         </MakeCommands>
      </Target>
      <Target title="HelloWorld">
         <Option output="/home/booble/pann/bin/HelloWorld" prefix_auto="0" extension_auto="0" />
         <Option working_dir="/home/booble/pann" />
         <Option object_output="./" />
         <Option type="1" />
         <Option compiler="gcc" />
         <Compiler>
         </Compiler>
         <MakeCommands>
            <Build command="/usr/bin/make -f &quot;/home/booble/pann/Makefile&quot; HelloWorld" />
            <CompileFile command="/usr/bin/make -f &quot;/home/booble/pann/Makefile&quot; &quot;$file&quot;" />
            <Clean command="/usr/bin/make -f &quot;/home/booble/pann/Makefile&quot; clean" />
            <DistClean command="/usr/bin/make -f &quot;/home/booble/pann/Makefile&quot; clean" />
         </MakeCommands>
      </Target>
      <Target title="HelloWorld/fast">
         <Option output="/home/booble/pann/bin/HelloWorld" prefix_auto="0" extension_auto="0" />
         <Option working_dir="/home/booble/pann" />
         <Option object_output="./" />
         <Option type="1" />
         <Option compiler="gcc" />
         <Compiler>
         </Compiler>
         <MakeCommands>
            <Build command="/usr/bin/make -f &quot;/home/booble/pann/Makefile&quot; HelloWorld/fast" />
            <CompileFile command="/usr/bin/make -f &quot;/home/booble/pann/Makefile&quot; &quot;$file&quot;" />
            <Clean command="/usr/bin/make -f &quot;/home/booble/pann/Makefile&quot; clean" />
            <DistClean command="/usr/bin/make -f &quot;/home/booble/pann/Makefile&quot; clean" />
         </MakeCommands>
      </Target>
      <Target title="pann">
         <Option output="/home/booble/pann/bin/libpann.so" prefix_auto="0" extension_auto="0" />
         <Option working_dir="/home/booble/pann" />
         <Option object_output="./" />
         <Option type="3" />
         <Option compiler="gcc" />
         <Compiler>
         </Compiler>
         <MakeCommands>
            <Build command="/usr/bin/make -f &quot;/home/booble/pann/Makefile&quot; pann" />
            <CompileFile command="/usr/bin/make -f &quot;/home/booble/pann/Makefile&quot; &quot;$file&quot;" />
            <Clean command="/usr/bin/make -f &quot;/home/booble/pann/Makefile&quot; clean" />
            <DistClean command="/usr/bin/make -f &quot;/home/booble/pann/Makefile&quot; clean" />
         </MakeCommands>
      </Target>
      <Target title="pann/fast">
         <Option output="/home/booble/pann/bin/libpann.so" prefix_auto="0" extension_auto="0" />
         <Option working_dir="/home/booble/pann" />
         <Option object_output="./" />
         <Option type="3" />
         <Option compiler="gcc" />
         <Compiler>
         </Compiler>
         <MakeCommands>
            <Build command="/usr/bin/make -f &quot;/home/booble/pann/Makefile&quot; pann/fast" />
            <CompileFile command="/usr/bin/make -f &quot;/home/booble/pann/Makefile&quot; &quot;$file&quot;" />
            <Clean command="/usr/bin/make -f &quot;/home/booble/pann/Makefile&quot; clean" />
            <DistClean command="/usr/bin/make -f &quot;/home/booble/pann/Makefile&quot; clean" />
         </MakeCommands>
      </Target>
      <Target title="rebuild_cache">
         <Option working_dir="/home/booble/pann" />
         <Option type="4" />
         <MakeCommands>
            <Build command="/usr/bin/make -f &quot;/home/booble/pann/Makefile&quot; rebuild_cache" />
            <CompileFile command="/usr/bin/make -f &quot;/home/booble/pann/Makefile&quot; &quot;$file&quot;" />
            <Clean command="/usr/bin/make -f &quot;/home/booble/pann/Makefile&quot; clean" />
            <DistClean command="/usr/bin/make -f &quot;/home/booble/pann/Makefile&quot; clean" />
         </MakeCommands>
      </Target>
      </Build>
      <Unit filename="/home/booble/pann/src/lib.cpp">
      </Unit>
      <Unit filename="/home/booble/pann/src/main.cpp">
      </Unit>
   </Project>
</CodeBlocks_project_file>
